{
  "name": "exercise-npm",
  "version": "1.0.0",
  "lockfileVersion": 2,
  "requires": true,
  "packages": {
    "": {
      "name": "exercise-npm",
      "version": "1.0.0",
      "license": "ISC",
      "dependencies": {
        "font-awesome": "^4.7.0",
        "system-font-stack": "^1.0.5"
      }
    },
    "node_modules/font-awesome": {
      "version": "4.7.0",
      "resolved": "https://registry.npmjs.org/font-awesome/-/font-awesome-4.7.0.tgz",
      "integrity": "sha1-j6jPBBGhoxr9B7BtKQK7n8gVoTM=",
      "engines": {
        "node": ">=0.10.3"
      }
    },
    "node_modules/system-font-stack": {
      "version": "1.0.5",
      "resolved": "https://registry.npmjs.org/system-font-stack/-/system-font-stack-1.0.5.tgz",
      "integrity": "sha1-OTVEaw+gibx0ivA+lbvYbx0BIzc="
    }
  },
  "dependencies": {
    "font-awesome": {
      "version": "4.7.0",
      "resolved": "https://registry.npmjs.org/font-awesome/-/font-awesome-4.7.0.tgz",
      "integrity": "sha1-j6jPBBGhoxr9B7BtKQK7n8gVoTM="
    },
    "system-font-stack": {
      "version": "1.0.5",
      "resolved": "https://registry.npmjs.org/system-font-stack/-/system-font-stack-1.0.5.tgz",
      "integrity": "sha1-OTVEaw+gibx0ivA+lbvYbx0BIzc="
    }
  }
}
